
Microsoft Visual Studio Solution File, Format Version 12.00
# Visual Studio Version 17
VisualStudioVersion = 17.10.35004.147
MinimumVisualStudioVersion = 10.0.40219.1
Project("{9A19103F-16F7-4668-BE54-9A1E7A4F7556}") = "GoComics", "GoComics\GoComics.csproj", "{681B2870-509F-4A4E-84F7-0F0C7D114A91}"
EndProject
Project("{FAE04EC0-301F-11D3-BF4B-00C04F79EFBC}") = "GoComics.Core", "GoComics.Core\GoComics.Core.csproj", "{68F89C2A-EEE1-4554-AA92-A139725AD030}"
EndProject
Global
	GlobalSection(SolutionConfigurationPlatforms) = preSolution
		Debug|Any CPU = Debug|Any CPU
		Debug|ARM64 = Debug|ARM64
		Debug|x64 = Debug|x64
		Debug|x86 = Debug|x86
		Release|Any CPU = Release|Any CPU
		Release|ARM64 = Release|ARM64
		Release|x64 = Release|x64
		Release|x86 = Release|x86
	EndGlobalSection
	GlobalSection(ProjectConfigurationPlatforms) = postSolution
		{681B2870-509F-4A4E-84F7-0F0C7D114A91}.Debug|Any CPU.ActiveCfg = Debug|Any CPU
		{681B2870-509F-4A4E-84F7-0F0C7D114A91}.Debug|Any CPU.Build.0 = Debug|Any CPU
		{681B2870-509F-4A4E-84F7-0F0C7D114A91}.Debug|ARM64.ActiveCfg = Debug|Any CPU
		{681B2870-509F-4A4E-84F7-0F0C7D114A91}.Debug|ARM64.Build.0 = Debug|Any CPU
		{681B2870-509F-4A4E-84F7-0F0C7D114A91}.Debug|x64.ActiveCfg = Debug|Any CPU
		{681B2870-509F-4A4E-84F7-0F0C7D114A91}.Debug|x64.Build.0 = Debug|Any CPU
		{681B2870-509F-4A4E-84F7-0F0C7D114A91}.Debug|x86.ActiveCfg = Debug|Any CPU
		{681B2870-509F-4A4E-84F7-0F0C7D114A91}.Debug|x86.Build.0 = Debug|Any CPU
		{681B2870-509F-4A4E-84F7-0F0C7D114A91}.Release|Any CPU.ActiveCfg = Release|Any CPU
		{681B2870-509F-4A4E-84F7-0F0C7D114A91}.Release|Any CPU.Build.0 = Release|Any CPU
		{681B2870-509F-4A4E-84F7-0F0C7D114A91}.Release|ARM64.ActiveCfg = Release|Any CPU
		{681B2870-509F-4A4E-84F7-0F0C7D114A91}.Release|ARM64.Build.0 = Release|Any CPU
		{681B2870-509F-4A4E-84F7-0F0C7D114A91}.Release|x64.ActiveCfg = Release|Any CPU
		{681B2870-509F-4A4E-84F7-0F0C7D114A91}.Release|x64.Build.0 = Release|Any CPU
		{681B2870-509F-4A4E-84F7-0F0C7D114A91}.Release|x86.ActiveCfg = Release|Any CPU
		{681B2870-509F-4A4E-84F7-0F0C7D114A91}.Release|x86.Build.0 = Release|Any CPU
		{68F89C2A-EEE1-4554-AA92-A139725AD030}.Debug|Any CPU.ActiveCfg = Debug|Any CPU
		{68F89C2A-EEE1-4554-AA92-A139725AD030}.Debug|Any CPU.Build.0 = Debug|Any CPU
		{68F89C2A-EEE1-4554-AA92-A139725AD030}.Debug|ARM64.ActiveCfg = Debug|Any CPU
		{68F89C2A-EEE1-4554-AA92-A139725AD030}.Debug|ARM64.Build.0 = Debug|Any CPU
		{68F89C2A-EEE1-4554-AA92-A139725AD030}.Debug|x64.ActiveCfg = Debug|Any CPU
		{68F89C2A-EEE1-4554-AA92-A139725AD030}.Debug|x64.Build.0 = Debug|Any CPU
		{68F89C2A-EEE1-4554-AA92-A139725AD030}.Debug|x86.ActiveCfg = Debug|Any CPU
		{68F89C2A-EEE1-4554-AA92-A139725AD030}.Debug|x86.Build.0 = Debug|Any CPU
		{68F89C2A-EEE1-4554-AA92-A139725AD030}.Release|Any CPU.ActiveCfg = Release|Any CPU
		{68F89C2A-EEE1-4554-AA92-A139725AD030}.Release|Any CPU.Build.0 = Release|Any CPU
		{68F89C2A-EEE1-4554-AA92-A139725AD030}.Release|ARM64.ActiveCfg = Release|Any CPU
		{68F89C2A-EEE1-4554-AA92-A139725AD030}.Release|ARM64.Build.0 = Release|Any CPU
		{68F89C2A-EEE1-4554-AA92-A139725AD030}.Release|x64.ActiveCfg = Release|Any CPU
		{68F89C2A-EEE1-4554-AA92-A139725AD030}.Release|x64.Build.0 = Release|Any CPU
		{68F89C2A-EEE1-4554-AA92-A139725AD030}.Release|x86.ActiveCfg = Release|Any CPU
		{68F89C2A-EEE1-4554-AA92-A139725AD030}.Release|x86.Build.0 = Release|Any CPU
	EndGlobalSection
	GlobalSection(SolutionProperties) = preSolution
		HideSolutionNode = FALSE
	EndGlobalSection
	GlobalSection(ExtensibilityGlobals) = postSolution
		SolutionGuid = {2D8B4F12-D104-45E6-A806-E0E03EAFB078}
	EndGlobalSection
EndGlobal
